
Microsoft Visual Studio Solution File, Format Version 12.00
# Visual Studio 15
VisualStudioVersion = 15.0.26430.15
MinimumVisualStudioVersion = 10.0.40219.1
Project("{FAE04EC0-301F-11D3-BF4B-00C04F79EFBC}") = "ProjectHelper", "ProjectHelper\ProjectHelper.csproj", "{2D4F8386-6B1D-4D0F-80EE-1C1EEA970CCD}"
EndProject
Project("{FAE04EC0-301F-11D3-BF4B-00C04F79EFBC}") = "Helper", "Helper\Helper.csproj", "{D54F666A-7DE3-4BCA-9B00-044BEE948524}"
EndProject
Project("{FAE04EC0-301F-11D3-BF4B-00C04F79EFBC}") = "Tester", "Tester\Tester.csproj", "{099F9D14-4873-48DF-9AAA-235AD87159D3}"
EndProject
Global
	GlobalSection(SolutionConfigurationPlatforms) = preSolution
		Debug|Any CPU = Debug|Any CPU
		Release|Any CPU = Release|Any CPU
	EndGlobalSection
	GlobalSection(ProjectConfigurationPlatforms) = postSolution
		{2D4F8386-6B1D-4D0F-80EE-1C1EEA970CCD}.Debug|Any CPU.ActiveCfg = Debug|Any CPU
		{2D4F8386-6B1D-4D0F-80EE-1C1EEA970CCD}.Debug|Any CPU.Build.0 = Debug|Any CPU
		{2D4F8386-6B1D-4D0F-80EE-1C1EEA970CCD}.Release|Any CPU.ActiveCfg = Release|Any CPU
		{2D4F8386-6B1D-4D0F-80EE-1C1EEA970CCD}.Release|Any CPU.Build.0 = Release|Any CPU
		{D54F666A-7DE3-4BCA-9B00-044BEE948524}.Debug|Any CPU.ActiveCfg = Debug|Any CPU
		{D54F666A-7DE3-4BCA-9B00-044BEE948524}.Debug|Any CPU.Build.0 = Debug|Any CPU
		{D54F666A-7DE3-4BCA-9B00-044BEE948524}.Release|Any CPU.ActiveCfg = Release|Any CPU
		{D54F666A-7DE3-4BCA-9B00-044BEE948524}.Release|Any CPU.Build.0 = Release|Any CPU
		{099F9D14-4873-48DF-9AAA-235AD87159D3}.Debug|Any CPU.ActiveCfg = Debug|Any CPU
		{099F9D14-4873-48DF-9AAA-235AD87159D3}.Debug|Any CPU.Build.0 = Debug|Any CPU
		{099F9D14-4873-48DF-9AAA-235AD87159D3}.Release|Any CPU.ActiveCfg = Release|Any CPU
		{099F9D14-4873-48DF-9AAA-235AD87159D3}.Release|Any CPU.Build.0 = Release|Any CPU
	EndGlobalSection
	GlobalSection(SolutionProperties) = preSolution
		HideSolutionNode = FALSE
	EndGlobalSection
EndGlobal
